
Microsoft Visual Studio Solution File, Format Version 12.00
# Visual Studio 14
VisualStudioVersion = 14.0.25420.1
MinimumVisualStudioVersion = 10.0.40219.1
Project("{FAE04EC0-301F-11D3-BF4B-00C04F79EFBC}") = "AurodomusWUPOS_baza", "AurodomusWUPOS_baza\AurodomusWUPOS_baza.csproj", "{3CFDA8F3-6DCA-470E-AA13-C1C33735F4EE}"
EndProject
Project("{FAE04EC0-301F-11D3-BF4B-00C04F79EFBC}") = "GrabberFirstCheckUpProject", "GrabberFirstCheckUpProject\GrabberFirstCheckUpProject.csproj", "{FA9DAE04-0B9F-478F-BE97-FD93D8BB7B29}"
EndProject
Global
	GlobalSection(SolutionConfigurationPlatforms) = preSolution
		Debug|Any CPU = Debug|Any CPU
		Release|Any CPU = Release|Any CPU
	EndGlobalSection
	GlobalSection(ProjectConfigurationPlatforms) = postSolution
		{3CFDA8F3-6DCA-470E-AA13-C1C33735F4EE}.Debug|Any CPU.ActiveCfg = Debug|Any CPU
		{3CFDA8F3-6DCA-470E-AA13-C1C33735F4EE}.Debug|Any CPU.Build.0 = Debug|Any CPU
		{3CFDA8F3-6DCA-470E-AA13-C1C33735F4EE}.Release|Any CPU.ActiveCfg = Release|Any CPU
		{3CFDA8F3-6DCA-470E-AA13-C1C33735F4EE}.Release|Any CPU.Build.0 = Release|Any CPU
		{FA9DAE04-0B9F-478F-BE97-FD93D8BB7B29}.Debug|Any CPU.ActiveCfg = Debug|Any CPU
		{FA9DAE04-0B9F-478F-BE97-FD93D8BB7B29}.Debug|Any CPU.Build.0 = Debug|Any CPU
		{FA9DAE04-0B9F-478F-BE97-FD93D8BB7B29}.Release|Any CPU.ActiveCfg = Release|Any CPU
		{FA9DAE04-0B9F-478F-BE97-FD93D8BB7B29}.Release|Any CPU.Build.0 = Release|Any CPU
	EndGlobalSection
	GlobalSection(SolutionProperties) = preSolution
		HideSolutionNode = FALSE
	EndGlobalSection
EndGlobal
